
Microsoft Visual Studio Solution File, Format Version 12.00
# Visual Studio 15
VisualStudioVersion = 15.0.27004.2008
MinimumVisualStudioVersion = 10.0.40219.1
Project("{9A19103F-16F7-4668-BE54-9A1E7A4F7556}") = "VacinaMinhaDeCadaDia", "VacinaMinhaDeCadaDia\VacinaMinhaDeCadaDia.csproj", "{92C0E4B5-3797-4D5D-8B29-7C9D331F9886}"
EndProject
Project("{FAE04EC0-301F-11D3-BF4B-00C04F79EFBC}") = "VacinaMinhaDeCadaDia.Domain", "VacinaMinhaDeCadaDia.Domain\VacinaMinhaDeCadaDia.Domain.csproj", "{3C74CE2C-940D-415A-9399-786ED4BDF392}"
EndProject
Project("{FAE04EC0-301F-11D3-BF4B-00C04F79EFBC}") = "VacinaMinhaDeCadaDia.Data", "VacinaMinhaDeCadaDia.Data\VacinaMinhaDeCadaDia.Data.csproj", "{9F7B6F9C-B293-4DC5-8755-9B278248FBF6}"
	ProjectSection(ProjectDependencies) = postProject
		{3C74CE2C-940D-415A-9399-786ED4BDF392} = {3C74CE2C-940D-415A-9399-786ED4BDF392}
	EndProjectSection
EndProject
Global
	GlobalSection(SolutionConfigurationPlatforms) = preSolution
		Debug|Any CPU = Debug|Any CPU
		Release|Any CPU = Release|Any CPU
	EndGlobalSection
	GlobalSection(ProjectConfigurationPlatforms) = postSolution
		{92C0E4B5-3797-4D5D-8B29-7C9D331F9886}.Debug|Any CPU.ActiveCfg = Debug|Any CPU
		{92C0E4B5-3797-4D5D-8B29-7C9D331F9886}.Debug|Any CPU.Build.0 = Debug|Any CPU
		{92C0E4B5-3797-4D5D-8B29-7C9D331F9886}.Release|Any CPU.ActiveCfg = Release|Any CPU
		{92C0E4B5-3797-4D5D-8B29-7C9D331F9886}.Release|Any CPU.Build.0 = Release|Any CPU
		{3C74CE2C-940D-415A-9399-786ED4BDF392}.Debug|Any CPU.ActiveCfg = Debug|Any CPU
		{3C74CE2C-940D-415A-9399-786ED4BDF392}.Debug|Any CPU.Build.0 = Debug|Any CPU
		{3C74CE2C-940D-415A-9399-786ED4BDF392}.Release|Any CPU.ActiveCfg = Release|Any CPU
		{3C74CE2C-940D-415A-9399-786ED4BDF392}.Release|Any CPU.Build.0 = Release|Any CPU
		{9F7B6F9C-B293-4DC5-8755-9B278248FBF6}.Debug|Any CPU.ActiveCfg = Debug|Any CPU
		{9F7B6F9C-B293-4DC5-8755-9B278248FBF6}.Debug|Any CPU.Build.0 = Debug|Any CPU
		{9F7B6F9C-B293-4DC5-8755-9B278248FBF6}.Release|Any CPU.ActiveCfg = Release|Any CPU
		{9F7B6F9C-B293-4DC5-8755-9B278248FBF6}.Release|Any CPU.Build.0 = Release|Any CPU
	EndGlobalSection
	GlobalSection(SolutionProperties) = preSolution
		HideSolutionNode = FALSE
	EndGlobalSection
	GlobalSection(ExtensibilityGlobals) = postSolution
		SolutionGuid = {FE68BB08-7DE7-4B6E-99FD-F2C13A2D6805}
	EndGlobalSection
EndGlobal
